
Microsoft Visual Studio Solution File, Format Version 11.00
# Visual Studio 2010
Project("{FAE04EC0-301F-11D3-BF4B-00C04F79EFBC}") = "GiveCRM.Models", "GiveCRM.Models\GiveCRM.Models.csproj", "{EF13BB24-17A9-4A39-BB5C-9A3B36519CB1}"
EndProject
Project("{FAE04EC0-301F-11D3-BF4B-00C04F79EFBC}") = "GiveCRM.DataAccess", "GiveCRM.DataAccess\GiveCRM.DataAccess.csproj", "{BAB645DD-6283-4C15-BF97-8700A01FC526}"
EndProject
Project("{C8D11400-126E-41CD-887F-60BD40844F9E}") = "GiveCRM.Database", "GiveCRM.Database\GiveCRM.Database.dbproj", "{67CBC824-A49E-4E9B-A947-360F3DFE65C3}"
EndProject
Project("{FAE04EC0-301F-11D3-BF4B-00C04F79EFBC}") = "GiveCRM.Web", "GiveCRM.Web\GiveCRM.Web.csproj", "{4BFCD2B3-0EF2-4770-994F-D563AEFFB90B}"
EndProject
Global
	GlobalSection(SolutionConfigurationPlatforms) = preSolution
		Debug|Any CPU = Debug|Any CPU
		Release|Any CPU = Release|Any CPU
	EndGlobalSection
	GlobalSection(ProjectConfigurationPlatforms) = postSolution
		{EF13BB24-17A9-4A39-BB5C-9A3B36519CB1}.Debug|Any CPU.ActiveCfg = Debug|Any CPU
		{EF13BB24-17A9-4A39-BB5C-9A3B36519CB1}.Debug|Any CPU.Build.0 = Debug|Any CPU
		{EF13BB24-17A9-4A39-BB5C-9A3B36519CB1}.Release|Any CPU.ActiveCfg = Release|Any CPU
		{EF13BB24-17A9-4A39-BB5C-9A3B36519CB1}.Release|Any CPU.Build.0 = Release|Any CPU
		{BAB645DD-6283-4C15-BF97-8700A01FC526}.Debug|Any CPU.ActiveCfg = Debug|Any CPU
		{BAB645DD-6283-4C15-BF97-8700A01FC526}.Debug|Any CPU.Build.0 = Debug|Any CPU
		{BAB645DD-6283-4C15-BF97-8700A01FC526}.Release|Any CPU.ActiveCfg = Release|Any CPU
		{BAB645DD-6283-4C15-BF97-8700A01FC526}.Release|Any CPU.Build.0 = Release|Any CPU
		{67CBC824-A49E-4E9B-A947-360F3DFE65C3}.Debug|Any CPU.ActiveCfg = Debug|Any CPU
		{67CBC824-A49E-4E9B-A947-360F3DFE65C3}.Debug|Any CPU.Build.0 = Debug|Any CPU
		{67CBC824-A49E-4E9B-A947-360F3DFE65C3}.Debug|Any CPU.Deploy.0 = Debug|Any CPU
		{67CBC824-A49E-4E9B-A947-360F3DFE65C3}.Release|Any CPU.ActiveCfg = Release|Any CPU
		{67CBC824-A49E-4E9B-A947-360F3DFE65C3}.Release|Any CPU.Build.0 = Release|Any CPU
		{67CBC824-A49E-4E9B-A947-360F3DFE65C3}.Release|Any CPU.Deploy.0 = Release|Any CPU
		{4BFCD2B3-0EF2-4770-994F-D563AEFFB90B}.Debug|Any CPU.ActiveCfg = Debug|Any CPU
		{4BFCD2B3-0EF2-4770-994F-D563AEFFB90B}.Debug|Any CPU.Build.0 = Debug|Any CPU
		{4BFCD2B3-0EF2-4770-994F-D563AEFFB90B}.Release|Any CPU.ActiveCfg = Release|Any CPU
		{4BFCD2B3-0EF2-4770-994F-D563AEFFB90B}.Release|Any CPU.Build.0 = Release|Any CPU
	EndGlobalSection
	GlobalSection(SolutionProperties) = preSolution
		HideSolutionNode = FALSE
	EndGlobalSection
EndGlobal
