
Microsoft Visual Studio Solution File, Format Version 11.00
# Visual Studio 2010
Project("{FAE04EC0-301F-11D3-BF4B-00C04F79EFBC}") = "GiveCRM.Models", "GiveCRM.Models\GiveCRM.Models.csproj", "{EF13BB24-17A9-4A39-BB5C-9A3B36519CB1}"
EndProject
Project("{FAE04EC0-301F-11D3-BF4B-00C04F79EFBC}") = "GiveCRM.DataAccess", "GiveCRM.DataAccess\GiveCRM.DataAccess.csproj", "{BAB645DD-6283-4C15-BF97-8700A01FC526}"
EndProject
Project("{C8D11400-126E-41CD-887F-60BD40844F9E}") = "GiveCRM.Database", "GiveCRM.Database\GiveCRM.Database.dbproj", "{67CBC824-A49E-4E9B-A947-360F3DFE65C3}"
EndProject
Project("{FAE04EC0-301F-11D3-BF4B-00C04F79EFBC}") = "GiveCRM.Web", "GiveCRM.Web\GiveCRM.Web.csproj", "{4BFCD2B3-0EF2-4770-994F-D563AEFFB90B}"
EndProject
Project("{2150E333-8FDC-42A3-9474-1A3956D46DE8}") = "Tests", "Tests", "{BA5306E7-DD5F-4B34-BDEF-649120FFCFC6}"
EndProject
Project("{FAE04EC0-301F-11D3-BF4B-00C04F79EFBC}") = "GiveCRM.DataAccess.Test", "GiveCRM.DataAccess.Test\GiveCRM.DataAccess.Test.csproj", "{F773E096-3736-4DC7-AD44-367D058A5340}"
EndProject
Project("{FAE04EC0-301F-11D3-BF4B-00C04F79EFBC}") = "GiveCRM.DummyDataGenerator", "GiveCRM.DummyDataGenerator\GiveCRM.DummyDataGenerator.csproj", "{FA79BA3A-70C7-4E58-8974-1C4F50204E42}"
EndProject
Project("{FAE04EC0-301F-11D3-BF4B-00C04F79EFBC}") = "GiveCRM.ImportExport", "GiveCRM.ImportExport\GiveCRM.ImportExport\GiveCRM.ImportExport.csproj", "{191D37B7-B50F-45D5-9336-1A700F719617}"
EndProject
Project("{FAE04EC0-301F-11D3-BF4B-00C04F79EFBC}") = "GiveCRM.ImportExport.Test", "GiveCRM.ImportExport\GiveCRM.ImportExport.Test\GiveCRM.ImportExport.Test.csproj", "{3768919C-869D-4A89-98F4-01BDC6F66A38}"
EndProject
Project("{FAE04EC0-301F-11D3-BF4B-00C04F79EFBC}") = "GiveCRM.ImportExport.TestApp", "GiveCRM.ImportExport\GiveCRM.ImportExport.TestApp\GiveCRM.ImportExport.TestApp.csproj", "{22B010C8-32B8-43EB-818F-893648F1A11A}"
EndProject
Project("{FAE04EC0-301F-11D3-BF4B-00C04F79EFBC}") = "GiveCRM.Web.Tests", "GiveCRM.Web.Tests\GiveCRM.Web.Tests.csproj", "{F67701A2-8F3E-41B0-910E-7DF0874133AD}"
EndProject
Global
	GlobalSection(SolutionConfigurationPlatforms) = preSolution
		Debug|Any CPU = Debug|Any CPU
		Debug|Mixed Platforms = Debug|Mixed Platforms
		Debug|x86 = Debug|x86
		Release|Any CPU = Release|Any CPU
		Release|Mixed Platforms = Release|Mixed Platforms
		Release|x86 = Release|x86
	EndGlobalSection
	GlobalSection(ProjectConfigurationPlatforms) = postSolution
		{EF13BB24-17A9-4A39-BB5C-9A3B36519CB1}.Debug|Any CPU.ActiveCfg = Debug|Any CPU
		{EF13BB24-17A9-4A39-BB5C-9A3B36519CB1}.Debug|Any CPU.Build.0 = Debug|Any CPU
		{EF13BB24-17A9-4A39-BB5C-9A3B36519CB1}.Debug|Mixed Platforms.ActiveCfg = Debug|Any CPU
		{EF13BB24-17A9-4A39-BB5C-9A3B36519CB1}.Debug|Mixed Platforms.Build.0 = Debug|Any CPU
		{EF13BB24-17A9-4A39-BB5C-9A3B36519CB1}.Debug|x86.ActiveCfg = Debug|Any CPU
		{EF13BB24-17A9-4A39-BB5C-9A3B36519CB1}.Release|Any CPU.ActiveCfg = Release|Any CPU
		{EF13BB24-17A9-4A39-BB5C-9A3B36519CB1}.Release|Any CPU.Build.0 = Release|Any CPU
		{EF13BB24-17A9-4A39-BB5C-9A3B36519CB1}.Release|Mixed Platforms.ActiveCfg = Release|Any CPU
		{EF13BB24-17A9-4A39-BB5C-9A3B36519CB1}.Release|Mixed Platforms.Build.0 = Release|Any CPU
		{EF13BB24-17A9-4A39-BB5C-9A3B36519CB1}.Release|x86.ActiveCfg = Release|Any CPU
		{BAB645DD-6283-4C15-BF97-8700A01FC526}.Debug|Any CPU.ActiveCfg = Debug|Any CPU
		{BAB645DD-6283-4C15-BF97-8700A01FC526}.Debug|Any CPU.Build.0 = Debug|Any CPU
		{BAB645DD-6283-4C15-BF97-8700A01FC526}.Debug|Mixed Platforms.ActiveCfg = Debug|Any CPU
		{BAB645DD-6283-4C15-BF97-8700A01FC526}.Debug|Mixed Platforms.Build.0 = Debug|Any CPU
		{BAB645DD-6283-4C15-BF97-8700A01FC526}.Debug|x86.ActiveCfg = Debug|Any CPU
		{BAB645DD-6283-4C15-BF97-8700A01FC526}.Release|Any CPU.ActiveCfg = Release|Any CPU
		{BAB645DD-6283-4C15-BF97-8700A01FC526}.Release|Any CPU.Build.0 = Release|Any CPU
		{BAB645DD-6283-4C15-BF97-8700A01FC526}.Release|Mixed Platforms.ActiveCfg = Release|Any CPU
		{BAB645DD-6283-4C15-BF97-8700A01FC526}.Release|Mixed Platforms.Build.0 = Release|Any CPU
		{BAB645DD-6283-4C15-BF97-8700A01FC526}.Release|x86.ActiveCfg = Release|Any CPU
		{67CBC824-A49E-4E9B-A947-360F3DFE65C3}.Debug|Any CPU.ActiveCfg = Debug|Any CPU
		{67CBC824-A49E-4E9B-A947-360F3DFE65C3}.Debug|Mixed Platforms.ActiveCfg = Debug|Any CPU
		{67CBC824-A49E-4E9B-A947-360F3DFE65C3}.Debug|Mixed Platforms.Build.0 = Debug|Any CPU
		{67CBC824-A49E-4E9B-A947-360F3DFE65C3}.Debug|x86.ActiveCfg = Debug|Any CPU
		{67CBC824-A49E-4E9B-A947-360F3DFE65C3}.Release|Any CPU.ActiveCfg = Release|Any CPU
		{67CBC824-A49E-4E9B-A947-360F3DFE65C3}.Release|Mixed Platforms.ActiveCfg = Release|Any CPU
		{67CBC824-A49E-4E9B-A947-360F3DFE65C3}.Release|Mixed Platforms.Build.0 = Release|Any CPU
		{67CBC824-A49E-4E9B-A947-360F3DFE65C3}.Release|Mixed Platforms.Deploy.0 = Release|Any CPU
		{67CBC824-A49E-4E9B-A947-360F3DFE65C3}.Release|x86.ActiveCfg = Release|Any CPU
		{4BFCD2B3-0EF2-4770-994F-D563AEFFB90B}.Debug|Any CPU.ActiveCfg = Debug|Any CPU
		{4BFCD2B3-0EF2-4770-994F-D563AEFFB90B}.Debug|Any CPU.Build.0 = Debug|Any CPU
		{4BFCD2B3-0EF2-4770-994F-D563AEFFB90B}.Debug|Mixed Platforms.ActiveCfg = Debug|Any CPU
		{4BFCD2B3-0EF2-4770-994F-D563AEFFB90B}.Debug|Mixed Platforms.Build.0 = Debug|Any CPU
		{4BFCD2B3-0EF2-4770-994F-D563AEFFB90B}.Debug|x86.ActiveCfg = Debug|Any CPU
		{4BFCD2B3-0EF2-4770-994F-D563AEFFB90B}.Release|Any CPU.ActiveCfg = Release|Any CPU
		{4BFCD2B3-0EF2-4770-994F-D563AEFFB90B}.Release|Any CPU.Build.0 = Release|Any CPU
		{4BFCD2B3-0EF2-4770-994F-D563AEFFB90B}.Release|Mixed Platforms.ActiveCfg = Release|Any CPU
		{4BFCD2B3-0EF2-4770-994F-D563AEFFB90B}.Release|Mixed Platforms.Build.0 = Release|Any CPU
		{4BFCD2B3-0EF2-4770-994F-D563AEFFB90B}.Release|x86.ActiveCfg = Release|Any CPU
		{F773E096-3736-4DC7-AD44-367D058A5340}.Debug|Any CPU.ActiveCfg = Debug|Any CPU
		{F773E096-3736-4DC7-AD44-367D058A5340}.Debug|Any CPU.Build.0 = Debug|Any CPU
		{F773E096-3736-4DC7-AD44-367D058A5340}.Debug|Mixed Platforms.ActiveCfg = Debug|Any CPU
		{F773E096-3736-4DC7-AD44-367D058A5340}.Debug|Mixed Platforms.Build.0 = Debug|Any CPU
		{F773E096-3736-4DC7-AD44-367D058A5340}.Debug|x86.ActiveCfg = Debug|Any CPU
		{F773E096-3736-4DC7-AD44-367D058A5340}.Release|Any CPU.ActiveCfg = Release|Any CPU
		{F773E096-3736-4DC7-AD44-367D058A5340}.Release|Any CPU.Build.0 = Release|Any CPU
		{F773E096-3736-4DC7-AD44-367D058A5340}.Release|Mixed Platforms.ActiveCfg = Release|Any CPU
		{F773E096-3736-4DC7-AD44-367D058A5340}.Release|x86.ActiveCfg = Release|Any CPU
		{FA79BA3A-70C7-4E58-8974-1C4F50204E42}.Debug|Any CPU.ActiveCfg = Debug|x86
		{FA79BA3A-70C7-4E58-8974-1C4F50204E42}.Debug|Any CPU.Build.0 = Debug|x86
		{FA79BA3A-70C7-4E58-8974-1C4F50204E42}.Debug|Mixed Platforms.ActiveCfg = Debug|x86
		{FA79BA3A-70C7-4E58-8974-1C4F50204E42}.Debug|Mixed Platforms.Build.0 = Debug|x86
		{FA79BA3A-70C7-4E58-8974-1C4F50204E42}.Debug|x86.ActiveCfg = Debug|x86
		{FA79BA3A-70C7-4E58-8974-1C4F50204E42}.Debug|x86.Build.0 = Debug|x86
		{FA79BA3A-70C7-4E58-8974-1C4F50204E42}.Release|Any CPU.ActiveCfg = Release|x86
		{FA79BA3A-70C7-4E58-8974-1C4F50204E42}.Release|Any CPU.Build.0 = Release|x86
		{FA79BA3A-70C7-4E58-8974-1C4F50204E42}.Release|Mixed Platforms.ActiveCfg = Release|x86
		{FA79BA3A-70C7-4E58-8974-1C4F50204E42}.Release|Mixed Platforms.Build.0 = Release|x86
		{FA79BA3A-70C7-4E58-8974-1C4F50204E42}.Release|x86.ActiveCfg = Release|x86
		{FA79BA3A-70C7-4E58-8974-1C4F50204E42}.Release|x86.Build.0 = Release|x86
		{191D37B7-B50F-45D5-9336-1A700F719617}.Debug|Any CPU.ActiveCfg = Debug|Any CPU
		{191D37B7-B50F-45D5-9336-1A700F719617}.Debug|Any CPU.Build.0 = Debug|Any CPU
		{191D37B7-B50F-45D5-9336-1A700F719617}.Debug|Mixed Platforms.ActiveCfg = Debug|Any CPU
		{191D37B7-B50F-45D5-9336-1A700F719617}.Debug|Mixed Platforms.Build.0 = Debug|Any CPU
		{191D37B7-B50F-45D5-9336-1A700F719617}.Debug|x86.ActiveCfg = Debug|Any CPU
		{191D37B7-B50F-45D5-9336-1A700F719617}.Release|Any CPU.ActiveCfg = Release|Any CPU
		{191D37B7-B50F-45D5-9336-1A700F719617}.Release|Any CPU.Build.0 = Release|Any CPU
		{191D37B7-B50F-45D5-9336-1A700F719617}.Release|Mixed Platforms.ActiveCfg = Release|Any CPU
		{191D37B7-B50F-45D5-9336-1A700F719617}.Release|Mixed Platforms.Build.0 = Release|Any CPU
		{191D37B7-B50F-45D5-9336-1A700F719617}.Release|x86.ActiveCfg = Release|Any CPU
		{3768919C-869D-4A89-98F4-01BDC6F66A38}.Debug|Any CPU.ActiveCfg = Debug|Any CPU
		{3768919C-869D-4A89-98F4-01BDC6F66A38}.Debug|Any CPU.Build.0 = Debug|Any CPU
		{3768919C-869D-4A89-98F4-01BDC6F66A38}.Debug|Mixed Platforms.ActiveCfg = Debug|Any CPU
		{3768919C-869D-4A89-98F4-01BDC6F66A38}.Debug|Mixed Platforms.Build.0 = Debug|Any CPU
		{3768919C-869D-4A89-98F4-01BDC6F66A38}.Debug|x86.ActiveCfg = Debug|Any CPU
		{3768919C-869D-4A89-98F4-01BDC6F66A38}.Release|Any CPU.ActiveCfg = Release|Any CPU
		{3768919C-869D-4A89-98F4-01BDC6F66A38}.Release|Any CPU.Build.0 = Release|Any CPU
		{3768919C-869D-4A89-98F4-01BDC6F66A38}.Release|Mixed Platforms.ActiveCfg = Release|Any CPU
		{3768919C-869D-4A89-98F4-01BDC6F66A38}.Release|Mixed Platforms.Build.0 = Release|Any CPU
		{3768919C-869D-4A89-98F4-01BDC6F66A38}.Release|x86.ActiveCfg = Release|Any CPU
		{22B010C8-32B8-43EB-818F-893648F1A11A}.Debug|Any CPU.ActiveCfg = Debug|x86
		{22B010C8-32B8-43EB-818F-893648F1A11A}.Debug|Any CPU.Build.0 = Debug|x86
		{22B010C8-32B8-43EB-818F-893648F1A11A}.Debug|Mixed Platforms.ActiveCfg = Debug|x86
		{22B010C8-32B8-43EB-818F-893648F1A11A}.Debug|Mixed Platforms.Build.0 = Debug|x86
		{22B010C8-32B8-43EB-818F-893648F1A11A}.Debug|x86.ActiveCfg = Debug|x86
		{22B010C8-32B8-43EB-818F-893648F1A11A}.Debug|x86.Build.0 = Debug|x86
		{22B010C8-32B8-43EB-818F-893648F1A11A}.Release|Any CPU.ActiveCfg = Release|x86
		{22B010C8-32B8-43EB-818F-893648F1A11A}.Release|Any CPU.Build.0 = Release|x86
		{22B010C8-32B8-43EB-818F-893648F1A11A}.Release|Mixed Platforms.ActiveCfg = Release|x86
		{22B010C8-32B8-43EB-818F-893648F1A11A}.Release|Mixed Platforms.Build.0 = Release|x86
		{22B010C8-32B8-43EB-818F-893648F1A11A}.Release|x86.ActiveCfg = Release|x86
		{22B010C8-32B8-43EB-818F-893648F1A11A}.Release|x86.Build.0 = Release|x86
		{F67701A2-8F3E-41B0-910E-7DF0874133AD}.Debug|Any CPU.ActiveCfg = Debug|x86
		{F67701A2-8F3E-41B0-910E-7DF0874133AD}.Debug|Mixed Platforms.ActiveCfg = Debug|x86
		{F67701A2-8F3E-41B0-910E-7DF0874133AD}.Debug|Mixed Platforms.Build.0 = Debug|x86
		{F67701A2-8F3E-41B0-910E-7DF0874133AD}.Debug|x86.ActiveCfg = Debug|x86
		{F67701A2-8F3E-41B0-910E-7DF0874133AD}.Debug|x86.Build.0 = Debug|x86
		{F67701A2-8F3E-41B0-910E-7DF0874133AD}.Release|Any CPU.ActiveCfg = Release|x86
		{F67701A2-8F3E-41B0-910E-7DF0874133AD}.Release|Mixed Platforms.ActiveCfg = Release|x86
		{F67701A2-8F3E-41B0-910E-7DF0874133AD}.Release|Mixed Platforms.Build.0 = Release|x86
		{F67701A2-8F3E-41B0-910E-7DF0874133AD}.Release|x86.ActiveCfg = Release|x86
		{F67701A2-8F3E-41B0-910E-7DF0874133AD}.Release|x86.Build.0 = Release|x86
	EndGlobalSection
	GlobalSection(SolutionProperties) = preSolution
		HideSolutionNode = FALSE
	EndGlobalSection
	GlobalSection(NestedProjects) = preSolution
		{F773E096-3736-4DC7-AD44-367D058A5340} = {BA5306E7-DD5F-4B34-BDEF-649120FFCFC6}
		{F67701A2-8F3E-41B0-910E-7DF0874133AD} = {BA5306E7-DD5F-4B34-BDEF-649120FFCFC6}
	EndGlobalSection
EndGlobal
